Microsoft Visual Studio Solution File, Format Version 12.00
# Visual Studio Version 17
VisualStudioVersion = 17.0.31903.59
MinimumVisualStudioVersion = 10.0.40219.1
Project("{FAE04EC0-301F-11D3-BF4B-00C04F79EFBC}") = "Дом.Ядро", "..\Дом.Ядро\Дом.Ядро.csproj", "{A1B2C3D4-0001-4000-8000-000000000001}"
EndProject
Project("{FAE04EC0-301F-11D3-BF4B-00C04F79EFBC}") = "Дом.Экран", "..\Дом.Экран\Дом.Экран.csproj", "{A1B2C3D4-0003-4000-8000-000000000003}"
EndProject
Project("{FAE04EC0-301F-11D3-BF4B-00C04F79EFBC}") = "Дом.Годот", "Дом.Годот.csproj", "{A1B2C3D4-0004-4000-8000-000000000004}"
EndProject
Global
	GlobalSection(SolutionConfigurationPlatforms) = preSolution
		Debug|Any CPU = Debug|Any CPU
		ExportDebug|Any CPU = ExportDebug|Any CPU
		ExportRelease|Any CPU = ExportRelease|Any CPU
	EndGlobalSection
	GlobalSection(ProjectConfigurationPlatforms) = postSolution
		{A1B2C3D4-0001-4000-8000-000000000001}.Debug|Any CPU.ActiveCfg = Debug|Any CPU
		{A1B2C3D4-0001-4000-8000-000000000001}.Debug|Any CPU.Build.0 = Debug|Any CPU
		{A1B2C3D4-0001-4000-8000-000000000001}.ExportDebug|Any CPU.ActiveCfg = ExportDebug|Any CPU
		{A1B2C3D4-0001-4000-8000-000000000001}.ExportDebug|Any CPU.Build.0 = ExportDebug|Any CPU
		{A1B2C3D4-0001-4000-8000-000000000001}.ExportRelease|Any CPU.ActiveCfg = ExportRelease|Any CPU
		{A1B2C3D4-0001-4000-8000-000000000001}.ExportRelease|Any CPU.Build.0 = ExportRelease|Any CPU
		{A1B2C3D4-0003-4000-8000-000000000003}.Debug|Any CPU.ActiveCfg = Debug|Any CPU
		{A1B2C3D4-0003-4000-8000-000000000003}.Debug|Any CPU.Build.0 = Debug|Any CPU
		{A1B2C3D4-0003-4000-8000-000000000003}.ExportDebug|Any CPU.ActiveCfg = ExportDebug|Any CPU
		{A1B2C3D4-0003-4000-8000-000000000003}.ExportDebug|Any CPU.Build.0 = ExportDebug|Any CPU
		{A1B2C3D4-0003-4000-8000-000000000003}.ExportRelease|Any CPU.ActiveCfg = ExportRelease|Any CPU
		{A1B2C3D4-0003-4000-8000-000000000003}.ExportRelease|Any CPU.Build.0 = ExportRelease|Any CPU
		{A1B2C3D4-0004-4000-8000-000000000004}.Debug|Any CPU.ActiveCfg = Debug|Any CPU
		{A1B2C3D4-0004-4000-8000-000000000004}.Debug|Any CPU.Build.0 = Debug|Any CPU
		{A1B2C3D4-0004-4000-8000-000000000004}.ExportDebug|Any CPU.ActiveCfg = ExportDebug|Any CPU
		{A1B2C3D4-0004-4000-8000-000000000004}.ExportDebug|Any CPU.Build.0 = ExportDebug|Any CPU
		{A1B2C3D4-0004-4000-8000-000000000004}.ExportRelease|Any CPU.ActiveCfg = ExportRelease|Any CPU
		{A1B2C3D4-0004-4000-8000-000000000004}.ExportRelease|Any CPU.Build.0 = ExportRelease|Any CPU
	EndGlobalSection
	GlobalSection(SolutionProperties) = preSolution
		HideSolutionNode = FALSE
	EndGlobalSection
EndGlobal
